
Microsoft Visual Studio Solution File, Format Version 12.00
# Visual Studio 2013
VisualStudioVersion = 12.0.21005.1
MinimumVisualStudioVersion = 10.0.40219.1
Project("{FAE04EC0-301F-11D3-BF4B-00C04F79EFBC}") = "module_Backend", "module_Backend\module_Backend.csproj", "{8DC57FC0-1BBC-4494-A1A3-CB36A2B3041D}"
EndProject
Project("{FAE04EC0-301F-11D3-BF4B-00C04F79EFBC}") = "EventLibrary", "EventLibrary\EventLibrary.csproj", "{D9552F12-6271-4595-9563-CBF48830F141}"
EndProject
Project("{FAE04EC0-301F-11D3-BF4B-00C04F79EFBC}") = "EventRepo", "EventRepo\EventRepo.csproj", "{86D93860-C2B3-49E9-A5EC-AA0EC2D24B3B}"
EndProject
Project("{FAE04EC0-301F-11D3-BF4B-00C04F79EFBC}") = "UserLibrary", "UserLibrary\UserLibrary.csproj", "{8D644853-E33F-4A6E-A3F3-3972D950B811}"
EndProject
Project("{FAE04EC0-301F-11D3-BF4B-00C04F79EFBC}") = "UserRepo", "UserRepo\UserRepo.csproj", "{E78631DE-1847-469A-A8B9-D373B333941D}"
EndProject
Global
	GlobalSection(SolutionConfigurationPlatforms) = preSolution
		Debug|Any CPU = Debug|Any CPU
		Release|Any CPU = Release|Any CPU
	EndGlobalSection
	GlobalSection(ProjectConfigurationPlatforms) = postSolution
		{8DC57FC0-1BBC-4494-A1A3-CB36A2B3041D}.Debug|Any CPU.ActiveCfg = Debug|Any CPU
		{8DC57FC0-1BBC-4494-A1A3-CB36A2B3041D}.Debug|Any CPU.Build.0 = Debug|Any CPU
		{8DC57FC0-1BBC-4494-A1A3-CB36A2B3041D}.Release|Any CPU.ActiveCfg = Release|Any CPU
		{8DC57FC0-1BBC-4494-A1A3-CB36A2B3041D}.Release|Any CPU.Build.0 = Release|Any CPU
		{D9552F12-6271-4595-9563-CBF48830F141}.Debug|Any CPU.ActiveCfg = Debug|Any CPU
		{D9552F12-6271-4595-9563-CBF48830F141}.Debug|Any CPU.Build.0 = Debug|Any CPU
		{D9552F12-6271-4595-9563-CBF48830F141}.Release|Any CPU.ActiveCfg = Release|Any CPU
		{D9552F12-6271-4595-9563-CBF48830F141}.Release|Any CPU.Build.0 = Release|Any CPU
		{86D93860-C2B3-49E9-A5EC-AA0EC2D24B3B}.Debug|Any CPU.ActiveCfg = Debug|Any CPU
		{86D93860-C2B3-49E9-A5EC-AA0EC2D24B3B}.Debug|Any CPU.Build.0 = Debug|Any CPU
		{86D93860-C2B3-49E9-A5EC-AA0EC2D24B3B}.Release|Any CPU.ActiveCfg = Release|Any CPU
		{86D93860-C2B3-49E9-A5EC-AA0EC2D24B3B}.Release|Any CPU.Build.0 = Release|Any CPU
		{8D644853-E33F-4A6E-A3F3-3972D950B811}.Debug|Any CPU.ActiveCfg = Debug|Any CPU
		{8D644853-E33F-4A6E-A3F3-3972D950B811}.Debug|Any CPU.Build.0 = Debug|Any CPU
		{8D644853-E33F-4A6E-A3F3-3972D950B811}.Release|Any CPU.ActiveCfg = Release|Any CPU
		{8D644853-E33F-4A6E-A3F3-3972D950B811}.Release|Any CPU.Build.0 = Release|Any CPU
		{E78631DE-1847-469A-A8B9-D373B333941D}.Debug|Any CPU.ActiveCfg = Debug|Any CPU
		{E78631DE-1847-469A-A8B9-D373B333941D}.Debug|Any CPU.Build.0 = Debug|Any CPU
		{E78631DE-1847-469A-A8B9-D373B333941D}.Release|Any CPU.ActiveCfg = Release|Any CPU
		{E78631DE-1847-469A-A8B9-D373B333941D}.Release|Any CPU.Build.0 = Release|Any CPU
	EndGlobalSection
	GlobalSection(SolutionProperties) = preSolution
		HideSolutionNode = FALSE
	EndGlobalSection
EndGlobal
